
Microsoft Visual Studio Solution File, Format Version 12.00
# Visual Studio Version 16
VisualStudioVersion = 16.0.30011.22
MinimumVisualStudioVersion = 10.0.40219.1
Project("{FAE04EC0-301F-11D3-BF4B-00C04F79EFBC}") = "appzero", "appzero\appzero.csproj", "{EEE97931-CF11-4428-BC51-6301473A410A}"
EndProject
Global
	GlobalSection(SolutionConfigurationPlatforms) = preSolution
		Debug|Any CPU = Debug|Any CPU
		Release|Any CPU = Release|Any CPU
	EndGlobalSection
	GlobalSection(ProjectConfigurationPlatforms) = postSolution
		{EEE97931-CF11-4428-BC51-6301473A410A}.Debug|Any CPU.ActiveCfg = Debug|Any CPU
		{EEE97931-CF11-4428-BC51-6301473A410A}.Debug|Any CPU.Build.0 = Debug|Any CPU
		{EEE97931-CF11-4428-BC51-6301473A410A}.Release|Any CPU.ActiveCfg = Release|Any CPU
		{EEE97931-CF11-4428-BC51-6301473A410A}.Release|Any CPU.Build.0 = Release|Any CPU
	EndGlobalSection
	GlobalSection(SolutionProperties) = preSolution
		HideSolutionNode = FALSE
	EndGlobalSection
	GlobalSection(ExtensibilityGlobals) = postSolution
		SolutionGuid = {2C56305F-773C-42A8-B36A-35B36AE47A22}
	EndGlobalSection
EndGlobal
